
Microsoft Visual Studio Solution File, Format Version 12.00
# Visual Studio Version 17
VisualStudioVersion = 17.4.33205.214
MinimumVisualStudioVersion = 10.0.40219.1
Project("{9A19103F-16F7-4668-BE54-9A1E7A4F7556}") = "insertionSort", "insertionSort\insertionSort.csproj", "{64A6BBF0-EF10-478E-865C-EE530C7E3218}"
EndProject
Project("{9A19103F-16F7-4668-BE54-9A1E7A4F7556}") = "Rascunho", "Rascunho\Rascunho.csproj", "{81AB36BA-9A3D-4995-A28B-D7E78307C5E6}"
EndProject
Project("{9A19103F-16F7-4668-BE54-9A1E7A4F7556}") = "selectionSort", "selectionSort\selectionSort.csproj", "{6782228D-0DBB-44F9-AAB9-7EE89CCA26C9}"
EndProject
Project("{FAE04EC0-301F-11D3-BF4B-00C04F79EFBC}") = "bubbleSort", "bubbleSort\bubbleSort.csproj", "{1473A367-DEB4-4BC5-B390-9308025D6424}"
EndProject
Global
	GlobalSection(SolutionConfigurationPlatforms) = preSolution
		Debug|Any CPU = Debug|Any CPU
		Release|Any CPU = Release|Any CPU
	EndGlobalSection
	GlobalSection(ProjectConfigurationPlatforms) = postSolution
		{64A6BBF0-EF10-478E-865C-EE530C7E3218}.Debug|Any CPU.ActiveCfg = Debug|Any CPU
		{64A6BBF0-EF10-478E-865C-EE530C7E3218}.Debug|Any CPU.Build.0 = Debug|Any CPU
		{64A6BBF0-EF10-478E-865C-EE530C7E3218}.Release|Any CPU.ActiveCfg = Release|Any CPU
		{64A6BBF0-EF10-478E-865C-EE530C7E3218}.Release|Any CPU.Build.0 = Release|Any CPU
		{81AB36BA-9A3D-4995-A28B-D7E78307C5E6}.Debug|Any CPU.ActiveCfg = Debug|Any CPU
		{81AB36BA-9A3D-4995-A28B-D7E78307C5E6}.Debug|Any CPU.Build.0 = Debug|Any CPU
		{81AB36BA-9A3D-4995-A28B-D7E78307C5E6}.Release|Any CPU.ActiveCfg = Release|Any CPU
		{81AB36BA-9A3D-4995-A28B-D7E78307C5E6}.Release|Any CPU.Build.0 = Release|Any CPU
		{6782228D-0DBB-44F9-AAB9-7EE89CCA26C9}.Debug|Any CPU.ActiveCfg = Debug|Any CPU
		{6782228D-0DBB-44F9-AAB9-7EE89CCA26C9}.Debug|Any CPU.Build.0 = Debug|Any CPU
		{6782228D-0DBB-44F9-AAB9-7EE89CCA26C9}.Release|Any CPU.ActiveCfg = Release|Any CPU
		{6782228D-0DBB-44F9-AAB9-7EE89CCA26C9}.Release|Any CPU.Build.0 = Release|Any CPU
		{1473A367-DEB4-4BC5-B390-9308025D6424}.Debug|Any CPU.ActiveCfg = Debug|Any CPU
		{1473A367-DEB4-4BC5-B390-9308025D6424}.Debug|Any CPU.Build.0 = Debug|Any CPU
		{1473A367-DEB4-4BC5-B390-9308025D6424}.Release|Any CPU.ActiveCfg = Release|Any CPU
		{1473A367-DEB4-4BC5-B390-9308025D6424}.Release|Any CPU.Build.0 = Release|Any CPU
	EndGlobalSection
	GlobalSection(SolutionProperties) = preSolution
		HideSolutionNode = FALSE
	EndGlobalSection
	GlobalSection(ExtensibilityGlobals) = postSolution
		SolutionGuid = {65D25EC8-C4C1-4A98-BFAE-F4A92887DE24}
	EndGlobalSection
EndGlobal
